// !$*UTF8*$!
{
	archiveVersion = 1;
	classes = {
	};
	objectVersion = 56;
	objects = {

/* Begin PBXBuildFile section */
		923816712B5C46D800A5ADDC /* Testing2App.swift in Sources */ = {isa = PBXBuildFile; fileRef = 923816702B5C46D800A5ADDC /* Testing2App.swift */; };
		923816732B5C46D800A5ADDC /* ContentView.swift in Sources */ = {isa = PBXBuildFile; fileRef = 923816722B5C46D800A5ADDC /* ContentView.swift */; };
		923816752B5C46D900A5ADDC /* Assets.xcassets in Resources */ = {isa = PBXBuildFile; fileRef = 923816742B5C46D900A5ADDC /* Assets.xcassets */; };
		923816792B5C46D900A5ADDC /* Preview Assets.xcassets in Resources */ = {isa = PBXBuildFile; fileRef = 923816782B5C46D900A5ADDC /* Preview Assets.xcassets */; };
		923816832B5C46DA00A5ADDC /* Testing2Tests.swift in Sources */ = {isa = PBXBuildFile; fileRef = 923816822B5C46DA00A5ADDC /* Testing2Tests.swift */; };
		9238168D2B5C46DA00A5ADDC /* Testing2UITests.swift in Sources */ = {isa = PBXBuildFile; fileRef = 9238168C2B5C46DA00A5ADDC /* Testing2UITests.swift */; };
		9238168F2B5C46DA00A5ADDC /* Testing2UITestsLaunchTests.swift in Sources */ = {isa = PBXBuildFile; fileRef = 9238168E2B5C46DA00A5ADDC /* Testing2UITestsLaunchTests.swift */; };
/* End PBXBuildFile section */

/* Begin PBXContainerItemProxy section */
		9238167F2B5C46DA00A5ADDC /* PBXContainerItemProxy */ = {
			isa = PBXContainerItemProxy;
			containerPortal = 923816652B5C46D800A5ADDC /* Project object */;
			proxyType = 1;
			remoteGlobalIDString = 9238166C2B5C46D800A5ADDC;
			remoteInfo = Testing2;
		};
		923816892B5C46DA00A5ADDC /* PBXContainerItemProxy */ = {
			isa = PBXContainerItemProxy;
			containerPortal = 923816652B5C46D800A5ADDC /* Project object */;
			proxyType = 1;
			remoteGlobalIDString = 9238166C2B5C46D800A5ADDC;
			remoteInfo = Testing2;
		};
/* End PBXContainerItemProxy section */

/* Begin PBXFileReference section */
		9238166D2B5C46D800A5ADDC /* Testing2.app */ = {isa = PBXFileReference; explicitFileType = wrapper.application; includeInIndex = 0; path = Testing2.app; sourceTree = BUILT_PRODUCTS_DIR; };
		923816702B5C46D800A5ADDC /* Testing2App.swift */ = {isa = PBXFileReference; lastKnownFileType = sourcecode.swift; path = Testing2App.swift; sourceTree = "<group>"; };
		923816722B5C46D800A5ADDC /* ContentView.swift */ = {isa = PBXFileReference; lastKnownFileType = sourcecode.swift; path = ContentView.swift; sourceTree = "<group>"; };
		923816742B5C46D900A5ADDC /* Assets.xcassets */ = {isa = PBXFileReference; lastKnownFileType = folder.assetcatalog; path = Assets.xcassets; sourceTree = "<group>"; };
		923816762B5C46D900A5ADDC /* Testing2.entitlements */ = {isa = PBXFileReference; lastKnownFileType = text.plist.entitlements; path = Testing2.entitlements; sourceTree = "<group>"; };
		923816782B5C46D900A5ADDC /* Preview Assets.xcassets */ = {isa = PBXFileReference; lastKnownFileType = folder.assetcatalog; path = "Preview Assets.xcassets"; sourceTree = "<group>"; };
		9238167E2B5C46DA00A5ADDC /* Testing2Tests.xctest */ = {isa = PBXFileReference; explicitFileType = wrapper.cfbundle; includeInIndex = 0; path = Testing2Tests.xctest; sourceTree = BUILT_PRODUCTS_DIR; };
		923816822B5C46DA00A5ADDC /* Testing2Tests.swift */ = {isa = PBXFileReference; lastKnownFileType = sourcecode.swift; path = Testing2Tests.swift; sourceTree = "<group>"; };
		923816882B5C46DA00A5ADDC /* Testing2UITests.xctest */ = {isa = PBXFileReference; explicitFileType = wrapper.cfbundle; includeInIndex = 0; path = Testing2UITests.xctest; sourceTree = BUILT_PRODUCTS_DIR; };
		9238168C2B5C46DA00A5ADDC /* Testing2UITests.swift */ = {isa = PBXFileReference; lastKnownFileType = sourcecode.swift; path = Testing2UITests.swift; sourceTree = "<group>"; };
		9238168E2B5C46DA00A5ADDC /* Testing2UITestsLaunchTests.swift */ = {isa = PBXFileReference; lastKnownFileType = sourcecode.swift; path = Testing2UITestsLaunchTests.swift; sourceTree = "<group>"; };
/* End PBXFileReference section */

/* Begin PBXFrameworksBuildPhase section */
		9238166A2B5C46D800A5ADDC /* Frameworks */ = {
			isa = PBXFrameworksBuildPhase;
			buildActionMask = 2147483647;
			files = (
			);
			runOnlyForDeploymentPostprocessing = 0;
		};
		9238167B2B5C46DA00A5ADDC /* Frameworks */ = {
			isa = PBXFrameworksBuildPhase;
			buildActionMask = 2147483647;
			files = (
			);
			runOnlyForDeploymentPostprocessing = 0;
		};
		923816852B5C46DA00A5ADDC /* Frameworks */ = {
			isa = PBXFrameworksBuildPhase;
			buildActionMask = 2147483647;
			files = (
			);
			runOnlyForDeploymentPostprocessing = 0;
		};
/* End PBXFrameworksBuildPhase section */

/* Begin PBXGroup section */
		923816642B5C46D800A5ADDC = {
			isa = PBXGroup;
			children = (
				9238166F2B5C46D800A5ADDC /* Testing2 */,
				923816812B5C46DA00A5ADDC /* Testing2Tests */,
				9238168B2B5C46DA00A5ADDC /* Testing2UITests */,
				9238166E2B5C46D800A5ADDC /* Products */,
			);
			sourceTree = "<group>";
		};
		9238166E2B5C46D800A5ADDC /* Products */ = {
			isa = PBXGroup;
			children = (
				9238166D2B5C46D800A5ADDC /* Testing2.app */,
				9238167E2B5C46DA00A5ADDC /* Testing2Tests.xctest */,
				923816882B5C46DA00A5ADDC /* Testing2UITests.xctest */,
			);
			name = Products;
			sourceTree = "<group>";
		};
		9238166F2B5C46D800A5ADDC /* Testing2 */ = {
			isa = PBXGroup;
			children = (
				923816702B5C46D800A5ADDC /* Testing2App.swift */,
				923816722B5C46D800A5ADDC /* ContentView.swift */,
				923816742B5C46D900A5ADDC /* Assets.xcassets */,
				923816762B5C46D900A5ADDC /* Testing2.entitlements */,
				923816772B5C46D900A5ADDC /* Preview Content */,
			);
			path = Testing2;
			sourceTree = "<group>";
		};
		923816772B5C46D900A5ADDC /* Preview Content */ = {
			isa = PBXGroup;
			children = (
				923816782B5C46D900A5ADDC /* Preview Assets.xcassets */,
			);
			path = "Preview Content";
			sourceTree = "<group>";
		};
		923816812B5C46DA00A5ADDC /* Testing2Tests */ = {
			isa = PBXGroup;
			children = (
				923816822B5C46DA00A5ADDC /* Testing2Tests.swift */,
			);
			path = Testing2Tests;
			sourceTree = "<group>";
		};
		9238168B2B5C46DA00A5ADDC /* Testing2UITests */ = {
			isa = PBXGroup;
			children = (
				9238168C2B5C46DA00A5ADDC /* Testing2UITests.swift */,
				9238168E2B5C46DA00A5ADDC /* Testing2UITestsLaunchTests.swift */,
			);
			path = Testing2UITests;
			sourceTree = "<group>";
		};
/* End PBXGroup section */

/* Begin PBXNativeTarget section */
		9238166C2B5C46D800A5ADDC /* Testing2 */ = {
			isa = PBXNativeTarget;
			buildConfigurationList = 923816922B5C46DA00A5ADDC /* Build configuration list for PBXNativeTarget "Testing2" */;
			buildPhases = (
				923816692B5C46D800A5ADDC /* Sources */,
				9238166A2B5C46D800A5ADDC /* Frameworks */,
				9238166B2B5C46D800A5ADDC /* Resources */,
			);
			buildRules = (
			);
			dependencies = (
			);
			name = Testing2;
			productName = Testing2;
			productReference = 9238166D2B5C46D800A5ADDC /* Testing2.app */;
			productType = "com.apple.product-type.application";
		};
		9238167D2B5C46DA00A5ADDC /* Testing2Tests */ = {
			isa = PBXNativeTarget;
			buildConfigurationList = 923816952B5C46DA00A5ADDC /* Build configuration list for PBXNativeTarget "Testing2Tests" */;
			buildPhases = (
				9238167A2B5C46DA00A5ADDC /* Sources */,
				9238167B2B5C46DA00A5ADDC /* Frameworks */,
				9238167C2B5C46DA00A5ADDC /* Resources */,
			);
			buildRules = (
			);
			dependencies = (
				923816802B5C46DA00A5ADDC /* PBXTargetDependency */,
			);
			name = Testing2Tests;
			productName = Testing2Tests;
			productReference = 9238167E2B5C46DA00A5ADDC /* Testing2Tests.xctest */;
			productType = "com.apple.product-type.bundle.unit-test";
		};
		923816872B5C46DA00A5ADDC /* Testing2UITests */ = {
			isa = PBXNativeTarget;
			buildConfigurationList = 923816982B5C46DA00A5ADDC /* Build configuration list for PBXNativeTarget "Testing2UITests" */;
			buildPhases = (
				923816842B5C46DA00A5ADDC /* Sources */,
				923816852B5C46DA00A5ADDC /* Frameworks */,
				923816862B5C46DA00A5ADDC /* Resources */,
			);
			buildRules = (
			);
			dependencies = (
				9238168A2B5C46DA00A5ADDC /* PBXTargetDependency */,
			);
			name = Testing2UITests;
			productName = Testing2UITests;
			productReference = 923816882B5C46DA00A5ADDC /* Testing2UITests.xctest */;
			productType = "com.apple.product-type.bundle.ui-testing";
		};
/* End PBXNativeTarget section */

/* Begin PBXProject section */
		923816652B5C46D800A5ADDC /* Project object */ = {
			isa = PBXProject;
			attributes = {
				BuildIndependentTargetsInParallel = 1;
				LastSwiftUpdateCheck = 1520;
				LastUpgradeCheck = 1520;
				TargetAttributes = {
					9238166C2B5C46D800A5ADDC = {
						CreatedOnToolsVersion = 15.2;
					};
					9238167D2B5C46DA00A5ADDC = {
						CreatedOnToolsVersion = 15.2;
						TestTargetID = 9238166C2B5C46D800A5ADDC;
					};
					923816872B5C46DA00A5ADDC = {
						CreatedOnToolsVersion = 15.2;
						TestTargetID = 9238166C2B5C46D800A5ADDC;
					};
				};
			};
			buildConfigurationList = 923816682B5C46D800A5ADDC /* Build configuration list for PBXProject "Testing2" */;
			compatibilityVersion = "Xcode 14.0";
			developmentRegion = en;
			hasScannedForEncodings = 0;
			knownRegions = (
				en,
				Base,
			);
			mainGroup = 923816642B5C46D800A5ADDC;
			productRefGroup = 9238166E2B5C46D800A5ADDC /* Products */;
			projectDirPath = "";
			projectRoot = "";
			targets = (
				9238166C2B5C46D800A5ADDC /* Testing2 */,
				9238167D2B5C46DA00A5ADDC /* Testing2Tests */,
				923816872B5C46DA00A5ADDC /* Testing2UITests */,
			);
		};
/* End PBXProject section */

/* Begin PBXResourcesBuildPhase section */
		9238166B2B5C46D800A5ADDC /* Resources */ = {
			isa = PBXResourcesBuildPhase;
			buildActionMask = 2147483647;
			files = (
				923816792B5C46D900A5ADDC /* Preview Assets.xcassets in Resources */,
				923816752B5C46D900A5ADDC /* Assets.xcassets in Resources */,
			);
			runOnlyForDeploymentPostprocessing = 0;
		};
		9238167C2B5C46DA00A5ADDC /* Resources */ = {
			isa = PBXResourcesBuildPhase;
			buildActionMask = 2147483647;
			files = (
			);
			runOnlyForDeploymentPostprocessing = 0;
		};
		923816862B5C46DA00A5ADDC /* Resources */ = {
			isa = PBXResourcesBuildPhase;
			buildActionMask = 2147483647;
			files = (
			);
			runOnlyForDeploymentPostprocessing = 0;
		};
/* End PBXResourcesBuildPhase section */

/* Begin PBXSourcesBuildPhase section */
		923816692B5C46D800A5ADDC /* Sources */ = {
			isa = PBXSourcesBuildPhase;
			buildActionMask = 2147483647;
			files = (
				923816732B5C46D800A5ADDC /* ContentView.swift in Sources */,
				923816712B5C46D800A5ADDC /* Testing2App.swift in Sources */,
			);
			runOnlyForDeploymentPostprocessing = 0;
		};
		9238167A2B5C46DA00A5ADDC /* Sources */ = {
			isa = PBXSourcesBuildPhase;
			buildActionMask = 2147483647;
			files = (
				923816832B5C46DA00A5ADDC /* Testing2Tests.swift in Sources */,
			);
			runOnlyForDeploymentPostprocessing = 0;
		};
		923816842B5C46DA00A5ADDC /* Sources */ = {
			isa = PBXSourcesBuildPhase;
			buildActionMask = 2147483647;
			files = (
				9238168F2B5C46DA00A5ADDC /* Testing2UITestsLaunchTests.swift in Sources */,
				9238168D2B5C46DA00A5ADDC /* Testing2UITests.swift in Sources */,
			);
			runOnlyForDeploymentPostprocessing = 0;
		};
/* End PBXSourcesBuildPhase section */

/* Begin PBXTargetDependency section */
		923816802B5C46DA00A5ADDC /* PBXTargetDependency */ = {
			isa = PBXTargetDependency;
			target = 9238166C2B5C46D800A5ADDC /* Testing2 */;
			targetProxy = 9238167F2B5C46DA00A5ADDC /* PBXContainerItemProxy */;
		};
		9238168A2B5C46DA00A5ADDC /* PBXTargetDependency */ = {
			isa = PBXTargetDependency;
			target = 9238166C2B5C46D800A5ADDC /* Testing2 */;
			targetProxy = 923816892B5C46DA00A5ADDC /* PBXContainerItemProxy */;
		};
/* End PBXTargetDependency section */

/* Begin XCBuildConfiguration section */
		923816902B5C46DA00A5ADDC /* Debug */ = {
			isa = XCBuildConfiguration;
			buildSettings = {
				ALWAYS_SEARCH_USER_PATHS = NO;
				ASSETCATALOG_COMPILER_GENERATE_SWIFT_ASSET_SYMBOL_EXTENSIONS = YES;
				CLANG_ANALYZER_NONNULL = YES;
				CLANG_ANALYZER_NUMBER_OBJECT_CONVERSION = YES_AGGRESSIVE;
				CLANG_CXX_LANGUAGE_STANDARD = "gnu++20";
				CLANG_ENABLE_MODULES = YES;
				CLANG_ENABLE_OBJC_ARC = YES;
				CLANG_ENABLE_OBJC_WEAK = YES;
				CLANG_WARN_BLOCK_CAPTURE_AUTORELEASING = YES;
				CLANG_WARN_BOOL_CONVERSION = YES;
				CLANG_WARN_COMMA = YES;
				CLANG_WARN_CONSTANT_CONVERSION = YES;
				CLANG_WARN_DEPRECATED_OBJC_IMPLEMENTATIONS = YES;
				CLANG_WARN_DIRECT_OBJC_ISA_USAGE = YES_ERROR;
				CLANG_WARN_DOCUMENTATION_COMMENTS = YES;
				CLANG_WARN_EMPTY_BODY = YES;
				CLANG_WARN_ENUM_CONVERSION = YES;
				CLANG_WARN_INFINITE_RECURSION = YES;
				CLANG_WARN_INT_CONVERSION = YES;
				CLANG_WARN_NON_LITERAL_NULL_CONVERSION = YES;
				CLANG_WARN_OBJC_IMPLICIT_RETAIN_SELF = YES;
				CLANG_WARN_OBJC_LITERAL_CONVERSION = YES;
				CLANG_WARN_OBJC_ROOT_CLASS = YES_ERROR;
				CLANG_WARN_QUOTED_INCLUDE_IN_FRAMEWORK_HEADER = YES;
				CLANG_WARN_RANGE_LOOP_ANALYSIS = YES;
				CLANG_WARN_STRICT_PROTOTYPES = YES;
				CLANG_WARN_SUSPICIOUS_MOVE = YES;
				CLANG_WARN_UNGUARDED_AVAILABILITY = YES_AGGRESSIVE;
				CLANG_WARN_UNREACHABLE_CODE = YES;
				CLANG_WARN__DUPLICATE_METHOD_MATCH = YES;
				COPY_PHASE_STRIP = NO;
				DEBUG_INFORMATION_FORMAT = dwarf;
				ENABLE_STRICT_OBJC_MSGSEND = YES;
				ENABLE_TESTABILITY = YES;
				ENABLE_USER_SCRIPT_SANDBOXING = YES;
				GCC_C_LANGUAGE_STANDARD = gnu17;
				GCC_DYNAMIC_NO_PIC = NO;
				GCC_NO_COMMON_BLOCKS = YES;
				GCC_OPTIMIZATION_LEVEL = 0;
				GCC_PREPROCESSOR_DEFINITIONS = (
					"DEBUG=1",
					"$(inherited)",
				);
				GCC_WARN_64_TO_32_BIT_CONVERSION = YES;
				GCC_WARN_ABOUT_RETURN_TYPE = YES_ERROR;
				GCC_WARN_UNDECLARED_SELECTOR = YES;
				GCC_WARN_UNINITIALIZED_AUTOS = YES_AGGRESSIVE;
				GCC_WARN_UNUSED_FUNCTION = YES;
				GCC_WARN_UNUSED_VARIABLE = YES;
				LOCALIZATION_PREFERS_STRING_CATALOGS = YES;
				MTL_ENABLE_DEBUG_INFO = INCLUDE_SOURCE;
				MTL_FAST_MATH = YES;
				ONLY_ACTIVE_ARCH = YES;
				SWIFT_ACTIVE_COMPILATION_CONDITIONS = "DEBUG $(inherited)";
				SWIFT_OPTIMIZATION_LEVEL = "-Onone";
			};
			name = Debug;
		};
		923816912B5C46DA00A5ADDC /* Release */ = {
			isa = XCBuildConfiguration;
			buildSettings = {
				ALWAYS_SEARCH_USER_PATHS = NO;
				ASSETCATALOG_COMPILER_GENERATE_SWIFT_ASSET_SYMBOL_EXTENSIONS = YES;
				CLANG_ANALYZER_NONNULL = YES;
				CLANG_ANALYZER_NUMBER_OBJECT_CONVERSION = YES_AGGRESSIVE;
				CLANG_CXX_LANGUAGE_STANDARD = "gnu++20";
				CLANG_ENABLE_MODULES = YES;
				CLANG_ENABLE_OBJC_ARC = YES;
				CLANG_ENABLE_OBJC_WEAK = YES;
				CLANG_WARN_BLOCK_CAPTURE_AUTORELEASING = YES;
				CLANG_WARN_BOOL_CONVERSION = YES;
				CLANG_WARN_COMMA = YES;
				CLANG_WARN_CONSTANT_CONVERSION = YES;
				CLANG_WARN_DEPRECATED_OBJC_IMPLEMENTATIONS = YES;
				CLANG_WARN_DIRECT_OBJC_ISA_USAGE = YES_ERROR;
				CLANG_WARN_DOCUMENTATION_COMMENTS = YES;
				CLANG_WARN_EMPTY_BODY = YES;
				CLANG_WARN_ENUM_CONVERSION = YES;
				CLANG_WARN_INFINITE_RECURSION = YES;
				CLANG_WARN_INT_CONVERSION = YES;
				CLANG_WARN_NON_LITERAL_NULL_CONVERSION = YES;
				CLANG_WARN_OBJC_IMPLICIT_RETAIN_SELF = YES;
				CLANG_WARN_OBJC_LITERAL_CONVERSION = YES;
				CLANG_WARN_OBJC_ROOT_CLASS = YES_ERROR;
				CLANG_WARN_QUOTED_INCLUDE_IN_FRAMEWORK_HEADER = YES;
				CLANG_WARN_RANGE_LOOP_ANALYSIS = YES;
				CLANG_WARN_STRICT_PROTOTYPES = YES;
				CLANG_WARN_SUSPICIOUS_MOVE = YES;
				CLANG_WARN_UNGUARDED_AVAILABILITY = YES_AGGRESSIVE;
				CLANG_WARN_UNREACHABLE_CODE = YES;
				CLANG_WARN__DUPLICATE_METHOD_MATCH = YES;
				COPY_PHASE_STRIP = NO;
				DEBUG_INFORMATION_FORMAT = "dwarf-with-dsym";
				ENABLE_NS_ASSERTIONS = NO;
				ENABLE_STRICT_OBJC_MSGSEND = YES;
				ENABLE_USER_SCRIPT_SANDBOXING = YES;
				GCC_C_LANGUAGE_STANDARD = gnu17;
				GCC_NO_COMMON_BLOCKS = YES;
				GCC_WARN_64_TO_32_BIT_CONVERSION = YES;
				GCC_WARN_ABOUT_RETURN_TYPE = YES_ERROR;
				GCC_WARN_UNDECLARED_SELECTOR = YES;
				GCC_WARN_UNINITIALIZED_AUTOS = YES_AGGRESSIVE;
				GCC_WARN_UNUSED_FUNCTION = YES;
				GCC_WARN_UNUSED_VARIABLE = YES;
				LOCALIZATION_PREFERS_STRING_CATALOGS = YES;
				MTL_ENABLE_DEBUG_INFO = NO;
				MTL_FAST_MATH = YES;
				SWIFT_COMPILATION_MODE = wholemodule;
			};
			name = Release;
		};
		923816932B5C46DA00A5ADDC /* Debug */ = {
			isa = XCBuildConfiguration;
			buildSettings = {
				ASSETCATALOG_COMPILER_APPICON_NAME = AppIcon;
				ASSETCATALOG_COMPILER_GLOBAL_ACCENT_COLOR_NAME = AccentColor;
				CODE_SIGN_ENTITLEMENTS = Testing2/Testing2.entitlements;
				CODE_SIGN_STYLE = Automatic;
				CURRENT_PROJECT_VERSION = 1;
				DEVELOPMENT_ASSET_PATHS = "\"Testing2/Preview Content\"";
				DEVELOPMENT_TEAM = 5Q4X3DM79R;
				ENABLE_HARDENED_RUNTIME = YES;
				ENABLE_PREVIEWS = YES;
				GENERATE_INFOPLIST_FILE = YES;
				"INFOPLIST_KEY_UIApplicationSceneManifest_Generation[sdk=iphoneos*]" = YES;
				"INFOPLIST_KEY_UIApplicationSceneManifest_Generation[sdk=iphonesimulator*]" = YES;
				"INFOPLIST_KEY_UIApplicationSupportsIndirectInputEvents[sdk=iphoneos*]" = YES;
				"INFOPLIST_KEY_UIApplicationSupportsIndirectInputEvents[sdk=iphonesimulator*]" = YES;
				"INFOPLIST_KEY_UILaunchScreen_Generation[sdk=iphoneos*]" = YES;
				"INFOPLIST_KEY_UILaunchScreen_Generation[sdk=iphonesimulator*]" = YES;
				"INFOPLIST_KEY_UIStatusBarStyle[sdk=iphoneos*]" = UIStatusBarStyleDefault;
				"INFOPLIST_KEY_UIStatusBarStyle[sdk=iphonesimulator*]" = UIStatusBarStyleDefault;
				INFOPLIST_KEY_UISupportedInterfaceOrientations_iPad = "UIInterfaceOrientationPortrait UIInterfaceOrientationPortraitUpsideDown UIInterfaceOrientationLandscapeLeft UIInterfaceOrientationLandscapeRight";
				INFOPLIST_KEY_UISupportedInterfaceOrientations_iPhone = "UIInterfaceOrientationPortrait UIInterfaceOrientationLandscapeLeft UIInterfaceOrientationLandscapeRight";
				IPHONEOS_DEPLOYMENT_TARGET = 17.2;
				LD_RUNPATH_SEARCH_PATHS = "@executable_path/Frameworks";
				"LD_RUNPATH_SEARCH_PATHS[sdk=macosx*]" = "@executable_path/../Frameworks";
				MACOSX_DEPLOYMENT_TARGET = 14.2;
				MARKETING_VERSION = 1.0;
				PRODUCT_BUNDLE_IDENTIFIER = com.ABLOCH.Testing2;
				PRODUCT_NAME = "$(TARGET_NAME)";
				SDKROOT = auto;
				SUPPORTED_PLATFORMS = "iphoneos iphonesimulator macosx";
				SWIFT_EMIT_LOC_STRINGS = YES;
				SWIFT_VERSION = 5.0;
				TARGETED_DEVICE_FAMILY = "1,2";
			};
			name = Debug;
		};
		923816942B5C46DA00A5ADDC /* Release */ = {
			isa = XCBuildConfiguration;
			buildSettings = {
				ASSETCATALOG_COMPILER_APPICON_NAME = AppIcon;
				ASSETCATALOG_COMPILER_GLOBAL_ACCENT_COLOR_NAME = AccentColor;
				CODE_SIGN_ENTITLEMENTS = Testing2/Testing2.entitlements;
				CODE_SIGN_STYLE = Automatic;
				CURRENT_PROJECT_VERSION = 1;
				DEVELOPMENT_ASSET_PATHS = "\"Testing2/Preview Content\"";
				DEVELOPMENT_TEAM = 5Q4X3DM79R;
				ENABLE_HARDENED_RUNTIME = YES;
				ENABLE_PREVIEWS = YES;
				GENERATE_INFOPLIST_FILE = YES;
				"INFOPLIST_KEY_UIApplicationSceneManifest_Generation[sdk=iphoneos*]" = YES;
				"INFOPLIST_KEY_UIApplicationSceneManifest_Generation[sdk=iphonesimulator*]" = YES;
				"INFOPLIST_KEY_UIApplicationSupportsIndirectInputEvents[sdk=iphoneos*]" = YES;
				"INFOPLIST_KEY_UIApplicationSupportsIndirectInputEvents[sdk=iphonesimulator*]" = YES;
				"INFOPLIST_KEY_UILaunchScreen_Generation[sdk=iphoneos*]" = YES;
				"INFOPLIST_KEY_UILaunchScreen_Generation[sdk=iphonesimulator*]" = YES;
				"INFOPLIST_KEY_UIStatusBarStyle[sdk=iphoneos*]" = UIStatusBarStyleDefault;
				"INFOPLIST_KEY_UIStatusBarStyle[sdk=iphonesimulator*]" = UIStatusBarStyleDefault;
				INFOPLIST_KEY_UISupportedInterfaceOrientations_iPad = "UIInterfaceOrientationPortrait UIInterfaceOrientationPortraitUpsideDown UIInterfaceOrientationLandscapeLeft UIInterfaceOrientationLandscapeRight";
				INFOPLIST_KEY_UISupportedInterfaceOrientations_iPhone = "UIInterfaceOrientationPortrait UIInterfaceOrientationLandscapeLeft UIInterfaceOrientationLandscapeRight";
				IPHONEOS_DEPLOYMENT_TARGET = 17.2;
				LD_RUNPATH_SEARCH_PATHS = "@executable_path/Frameworks";
				"LD_RUNPATH_SEARCH_PATHS[sdk=macosx*]" = "@executable_path/../Frameworks";
				MACOSX_DEPLOYMENT_TARGET = 14.2;
				MARKETING_VERSION = 1.0;
				PRODUCT_BUNDLE_IDENTIFIER = com.ABLOCH.Testing2;
				PRODUCT_NAME = "$(TARGET_NAME)";
				SDKROOT = auto;
				SUPPORTED_PLATFORMS = "iphoneos iphonesimulator macosx";
				SWIFT_EMIT_LOC_STRINGS = YES;
				SWIFT_VERSION = 5.0;
				TARGETED_DEVICE_FAMILY = "1,2";
			};
			name = Release;
		};
		923816962B5C46DA00A5ADDC /* Debug */ = {
			isa = XCBuildConfiguration;
			buildSettings = {
				ALWAYS_EMBED_SWIFT_STANDARD_LIBRARIES = YES;
				BUNDLE_LOADER = "$(TEST_HOST)";
				CODE_SIGN_STYLE = Automatic;
				CURRENT_PROJECT_VERSION = 1;
				DEVELOPMENT_TEAM = 5Q4X3DM79R;
				GENERATE_INFOPLIST_FILE = YES;
				IPHONEOS_DEPLOYMENT_TARGET = 17.2;
				MACOSX_DEPLOYMENT_TARGET = 14.2;
				MARKETING_VERSION = 1.0;
				PRODUCT_BUNDLE_IDENTIFIER = com.ABLOCH.Testing2Tests;
				PRODUCT_NAME = "$(TARGET_NAME)";
				SDKROOT = auto;
				SUPPORTED_PLATFORMS = "iphoneos iphonesimulator macosx";
				SWIFT_EMIT_LOC_STRINGS = NO;
				SWIFT_VERSION = 5.0;
				TARGETED_DEVICE_FAMILY = "1,2";
				TEST_HOST = "$(BUILT_PRODUCTS_DIR)/Testing2.app/$(BUNDLE_EXECUTABLE_FOLDER_PATH)/Testing2";
			};
			name = Debug;
		};
		923816972B5C46DA00A5ADDC /* Release */ = {
			isa = XCBuildConfiguration;
			buildSettings = {
				ALWAYS_EMBED_SWIFT_STANDARD_LIBRARIES = YES;
				BUNDLE_LOADER = "$(TEST_HOST)";
				CODE_SIGN_STYLE = Automatic;
				CURRENT_PROJECT_VERSION = 1;
				DEVELOPMENT_TEAM = 5Q4X3DM79R;
				GENERATE_INFOPLIST_FILE = YES;
				IPHONEOS_DEPLOYMENT_TARGET = 17.2;
				MACOSX_DEPLOYMENT_TARGET = 14.2;
				MARKETING_VERSION = 1.0;
				PRODUCT_BUNDLE_IDENTIFIER = com.ABLOCH.Testing2Tests;
				PRODUCT_NAME = "$(TARGET_NAME)";
				SDKROOT = auto;
				SUPPORTED_PLATFORMS = "iphoneos iphonesimulator macosx";
				SWIFT_EMIT_LOC_STRINGS = NO;
				SWIFT_VERSION = 5.0;
				TARGETED_DEVICE_FAMILY = "1,2";
				TEST_HOST = "$(BUILT_PRODUCTS_DIR)/Testing2.app/$(BUNDLE_EXECUTABLE_FOLDER_PATH)/Testing2";
			};
			name = Release;
		};
		923816992B5C46DA00A5ADDC /* Debug */ = {
			isa = XCBuildConfiguration;
			buildSettings = {
				ALWAYS_EMBED_SWIFT_STANDARD_LIBRARIES = YES;
				CODE_SIGN_STYLE = Automatic;
				CURRENT_PROJECT_VERSION = 1;
				DEVELOPMENT_TEAM = 5Q4X3DM79R;
				GENERATE_INFOPLIST_FILE = YES;
				IPHONEOS_DEPLOYMENT_TARGET = 17.2;
				MACOSX_DEPLOYMENT_TARGET = 14.2;
				MARKETING_VERSION = 1.0;
				PRODUCT_BUNDLE_IDENTIFIER = com.ABLOCH.Testing2UITests;
				PRODUCT_NAME = "$(TARGET_NAME)";
				SDKROOT = auto;
				SUPPORTED_PLATFORMS = "iphoneos iphonesimulator macosx";
				SWIFT_EMIT_LOC_STRINGS = NO;
				SWIFT_VERSION = 5.0;
				TARGETED_DEVICE_FAMILY = "1,2";
				TEST_TARGET_NAME = Testing2;
			};
			name = Debug;
		};
		9238169A2B5C46DA00A5ADDC /* Release */ = {
			isa = XCBuildConfiguration;
			buildSettings = {
				ALWAYS_EMBED_SWIFT_STANDARD_LIBRARIES = YES;
				CODE_SIGN_STYLE = Automatic;
				CURRENT_PROJECT_VERSION = 1;
				DEVELOPMENT_TEAM = 5Q4X3DM79R;
				GENERATE_INFOPLIST_FILE = YES;
				IPHONEOS_DEPLOYMENT_TARGET = 17.2;
				MACOSX_DEPLOYMENT_TARGET = 14.2;
				MARKETING_VERSION = 1.0;
				PRODUCT_BUNDLE_IDENTIFIER = com.ABLOCH.Testing2UITests;
				PRODUCT_NAME = "$(TARGET_NAME)";
				SDKROOT = auto;
				SUPPORTED_PLATFORMS = "iphoneos iphonesimulator macosx";
				SWIFT_EMIT_LOC_STRINGS = NO;
				SWIFT_VERSION = 5.0;
				TARGETED_DEVICE_FAMILY = "1,2";
				TEST_TARGET_NAME = Testing2;
			};
			name = Release;
		};
/* End XCBuildConfiguration section */

/* Begin XCConfigurationList section */
		923816682B5C46D800A5ADDC /* Build configuration list for PBXProject "Testing2" */ = {
			isa = XCConfigurationList;
			buildConfigurations = (
				923816902B5C46DA00A5ADDC /* Debug */,
				923816912B5C46DA00A5ADDC /* Release */,
			);
			defaultConfigurationIsVisible = 0;
			defaultConfigurationName = Release;
		};
		923816922B5C46DA00A5ADDC /* Build configuration list for PBXNativeTarget "Testing2" */ = {
			isa = XCConfigurationList;
			buildConfigurations = (
				923816932B5C46DA00A5ADDC /* Debug */,
				923816942B5C46DA00A5ADDC /* Release */,
			);
			defaultConfigurationIsVisible = 0;
			defaultConfigurationName = Release;
		};
		923816952B5C46DA00A5ADDC /* Build configuration list for PBXNativeTarget "Testing2Tests" */ = {
			isa = XCConfigurationList;
			buildConfigurations = (
				923816962B5C46DA00A5ADDC /* Debug */,
				923816972B5C46DA00A5ADDC /* Release */,
			);
			defaultConfigurationIsVisible = 0;
			defaultConfigurationName = Release;
		};
		923816982B5C46DA00A5ADDC /* Build configuration list for PBXNativeTarget "Testing2UITests" */ = {
			isa = XCConfigurationList;
			buildConfigurations = (
				923816992B5C46DA00A5ADDC /* Debug */,
				9238169A2B5C46DA00A5ADDC /* Release */,
			);
			defaultConfigurationIsVisible = 0;
			defaultConfigurationName = Release;
		};
/* End XCConfigurationList section */
	};
	rootObject = 923816652B5C46D800A5ADDC /* Project object */;
}
